<?xml version="1.0" encoding="utf-8"?>
<Project ToolsVersion="4.0" xmlns="http://schemas.microsoft.com/developer/msbuild/2003">
  <ItemGroup>
    <Filter Include="Platform">
      <UniqueIdentifier>{2AC788B4-1694-E3BF-3FAD-D1672BD9184E}</UniqueIdentifier>
    </Filter>
    <Filter Include="Platform\DirectX11">
      <UniqueIdentifier>{6EE5EAC0-5AC9-AB16-C329-A669AF2C9698}</UniqueIdentifier>
    </Filter>
    <Filter Include="Platform\DirectX12">
      <UniqueIdentifier>{6FE5EAC0-5BC9-AB16-C429-A669B02C9698}</UniqueIdentifier>
    </Filter>
    <Filter Include="Platform\Windows">
      <UniqueIdentifier>{64FBD71A-50F4-F66C-7926-DCF1657ED678}</UniqueIdentifier>
    </Filter>
    <Filter Include="RobinTheEngine">
      <UniqueIdentifier>{364C2AD9-221A-1EDF-0BAE-8E05F71AFA43}</UniqueIdentifier>
    </Filter>
    <Filter Include="RobinTheEngine\Events">
      <UniqueIdentifier>{5A5F75D2-C6CB-30CD-8FBF-C82AFBEA5235}</UniqueIdentifier>
    </Filter>
    <Filter Include="RobinTheEngine\ImGui">
      <UniqueIdentifier>{E091848A-CC20-0E54-753F-224F61AD1EFA}</UniqueIdentifier>
    </Filter>
  </ItemGroup>
  <ItemGroup>
    <ClInclude Include="src\Platform\DirectX11\DirectX11DeviceResources.h">
      <Filter>Platform\DirectX11</Filter>
    </ClInclude>
    <ClInclude Include="src\Platform\DirectX11\DirectX11RenderSystem.h">
      <Filter>Platform\DirectX11</Filter>
    </ClInclude>
    <ClInclude Include="src\Platform\DirectX12\DirectX12RenderSystem.h">
      <Filter>Platform\DirectX12</Filter>
    </ClInclude>
    <ClInclude Include="src\Platform\Windows\WindowsInput.h">
      <Filter>Platform\Windows</Filter>
    </ClInclude>
    <ClInclude Include="src\Platform\Windows\WindowsWindow.h">
      <Filter>Platform\Windows</Filter>
    </ClInclude>
    <ClInclude Include="src\RTE.h" />
    <ClInclude Include="src\RobinTheEngine\Application.h">
      <Filter>RobinTheEngine</Filter>
    </ClInclude>
    <ClInclude Include="src\RobinTheEngine\Core.h">
      <Filter>RobinTheEngine</Filter>
    </ClInclude>
    <ClInclude Include="src\RobinTheEngine\DeviceResources.h">
      <Filter>RobinTheEngine</Filter>
    </ClInclude>
    <ClInclude Include="src\RobinTheEngine\Display.h">
      <Filter>RobinTheEngine</Filter>
    </ClInclude>
    <ClInclude Include="src\RobinTheEngine\EntryPoint.h">
      <Filter>RobinTheEngine</Filter>
    </ClInclude>
    <ClInclude Include="src\RobinTheEngine\Events\ApplicationEvent.h">
      <Filter>RobinTheEngine\Events</Filter>
    </ClInclude>
    <ClInclude Include="src\RobinTheEngine\Events\Event.h">
      <Filter>RobinTheEngine\Events</Filter>
    </ClInclude>
    <ClInclude Include="src\RobinTheEngine\Events\KeyEvent.h">
      <Filter>RobinTheEngine\Events</Filter>
    </ClInclude>
    <ClInclude Include="src\RobinTheEngine\Events\MouseEvent.h">
      <Filter>RobinTheEngine\Events</Filter>
    </ClInclude>
    <ClInclude Include="src\RobinTheEngine\GameTimer.h">
      <Filter>RobinTheEngine</Filter>
    </ClInclude>
    <ClInclude Include="src\RobinTheEngine\ImGui\ImGuiLayer.h">
      <Filter>RobinTheEngine\ImGui</Filter>
    </ClInclude>
    <ClInclude Include="src\RobinTheEngine\Input.h">
      <Filter>RobinTheEngine</Filter>
    </ClInclude>
    <ClInclude Include="src\RobinTheEngine\KeyCodes.h">
      <Filter>RobinTheEngine</Filter>
    </ClInclude>
    <ClInclude Include="src\RobinTheEngine\Layer.h">
      <Filter>RobinTheEngine</Filter>
    </ClInclude>
    <ClInclude Include="src\RobinTheEngine\LayerStack.h">
      <Filter>RobinTheEngine</Filter>
    </ClInclude>
    <ClInclude Include="src\RobinTheEngine\Log.h">
      <Filter>RobinTheEngine</Filter>
    </ClInclude>
    <ClInclude Include="src\RobinTheEngine\MouseButtonCodes.h">
      <Filter>RobinTheEngine</Filter>
    </ClInclude>
    <ClInclude Include="src\RobinTheEngine\RenderSystem.h">
      <Filter>RobinTheEngine</Filter>
    </ClInclude>
    <ClInclude Include="src\RobinTheEngine\Window.h">
      <Filter>RobinTheEngine</Filter>
    </ClInclude>
    <ClInclude Include="src\RobinTheEngine\d3dUtils.h">
      <Filter>RobinTheEngine</Filter>
    </ClInclude>
    <ClInclude Include="src\rtepch.h" />
    <ClInclude Include="src\Platform\DirectX11\Buffer.h" />
    <ClInclude Include="src\Platform\DirectX11\Shaders.h" />
    <ClInclude Include="src\Platform\DirectX11\ConstantBuffer.h" />
    <ClInclude Include="src\Platform\DirectX11\Vertex.h" />
  </ItemGroup>
  <ItemGroup>
    <ClCompile Include="src\Platform\DirectX11\DirectX11DeviceResources.cpp">
      <Filter>Platform\DirectX11</Filter>
    </ClCompile>
    <ClCompile Include="src\Platform\DirectX11\DirectX11RenderSystem.cpp">
      <Filter>Platform\DirectX11</Filter>
    </ClCompile>
    <ClCompile Include="src\Platform\DirectX12\DirectX12RenderSystem.cpp">
      <Filter>Platform\DirectX12</Filter>
    </ClCompile>
    <ClCompile Include="src\Platform\Windows\WindowsInput.cpp">
      <Filter>Platform\Windows</Filter>
    </ClCompile>
    <ClCompile Include="src\Platform\Windows\WindowsWindow.cpp">
      <Filter>Platform\Windows</Filter>
    </ClCompile>
    <ClCompile Include="src\RobinTheEngine\Application.cpp">
      <Filter>RobinTheEngine</Filter>
    </ClCompile>
    <ClCompile Include="src\RobinTheEngine\Display.cpp">
      <Filter>RobinTheEngine</Filter>
    </ClCompile>
    <ClCompile Include="src\RobinTheEngine\GameTimer.cpp">
      <Filter>RobinTheEngine</Filter>
    </ClCompile>
    <ClCompile Include="src\RobinTheEngine\ImGui\ImGuiBuild.cpp">
      <Filter>RobinTheEngine\ImGui</Filter>
    </ClCompile>
    <ClCompile Include="src\RobinTheEngine\ImGui\ImGuiLayer.cpp">
      <Filter>RobinTheEngine\ImGui</Filter>
    </ClCompile>
    <ClCompile Include="src\RobinTheEngine\Layer.cpp">
      <Filter>RobinTheEngine</Filter>
    </ClCompile>
    <ClCompile Include="src\RobinTheEngine\LayerStack.cpp">
      <Filter>RobinTheEngine</Filter>
    </ClCompile>
    <ClCompile Include="src\RobinTheEngine\Log.cpp">
      <Filter>RobinTheEngine</Filter>
    </ClCompile>
    <ClCompile Include="src\RobinTheEngine\d3dUtils.cpp">
      <Filter>RobinTheEngine</Filter>
    </ClCompile>
    <ClCompile Include="src\rtepch.cpp" />
    <ClCompile Include="src\Platform\DirectX11\Buffer.cpp" />
    <ClCompile Include="src\Platform\DirectX11\Shaders.cpp" />
    <ClCompile Include="src\Platform\DirectX11\ConstantBuffer.cpp" />
  </ItemGroup>
</Project>