<?xml version="1.0" encoding="utf-8"?>
<Project ToolsVersion="4.0" xmlns="http://schemas.microsoft.com/developer/msbuild/2003">
  <ItemGroup>
    <Filter Include="RobinTheEngine">
      <UniqueIdentifier>{364C2AD9-221A-1EDF-0BAE-8E05F71AFA43}</UniqueIdentifier>
    </Filter>
  </ItemGroup>
  <ItemGroup>
    <ClInclude Include="src\RTE.h" />
    <ClInclude Include="src\RobinTheEngine\Application.h">
      <Filter>RobinTheEngine</Filter>
    </ClInclude>
    <ClInclude Include="src\RobinTheEngine\Core.h">
      <Filter>RobinTheEngine</Filter>
    </ClInclude>
    <ClInclude Include="src\RobinTheEngine\DirectXRenderSystem.h">
      <Filter>RobinTheEngine</Filter>
    </ClInclude>
    <ClInclude Include="src\RobinTheEngine\Display.h">
      <Filter>RobinTheEngine</Filter>
    </ClInclude>
    <ClInclude Include="src\RobinTheEngine\EntryPoint.h">
      <Filter>RobinTheEngine</Filter>
    </ClInclude>
    <ClInclude Include="src\RobinTheEngine\Log.h">
      <Filter>RobinTheEngine</Filter>
    </ClInclude>
    <ClInclude Include="src\RobinTheEngine\MyAssert.h">
      <Filter>RobinTheEngine</Filter>
    </ClInclude>
    <ClInclude Include="src\RobinTheEngine\RenderSystem.h">
      <Filter>RobinTheEngine</Filter>
    </ClInclude>
    <ClInclude Include="src\RobinTheEngine\d3dUtils.h">
      <Filter>RobinTheEngine</Filter>
    </ClInclude>
    <ClInclude Include="src\rtepch.h" />
  </ItemGroup>
  <ItemGroup>
    <ClCompile Include="src\RobinTheEngine\Application.cpp">
      <Filter>RobinTheEngine</Filter>
    </ClCompile>
    <ClCompile Include="src\RobinTheEngine\DirectXRenderSystem.cpp">
      <Filter>RobinTheEngine</Filter>
    </ClCompile>
    <ClCompile Include="src\RobinTheEngine\Display.cpp">
      <Filter>RobinTheEngine</Filter>
    </ClCompile>
    <ClCompile Include="src\RobinTheEngine\Log.cpp">
      <Filter>RobinTheEngine</Filter>
    </ClCompile>
    <ClCompile Include="src\RobinTheEngine\Main.cpp">
      <Filter>RobinTheEngine</Filter>
    </ClCompile>
    <ClCompile Include="src\RobinTheEngine\RenderSystem.cpp">
      <Filter>RobinTheEngine</Filter>
    </ClCompile>
    <ClCompile Include="src\RobinTheEngine\d3dUtils.cpp">
      <Filter>RobinTheEngine</Filter>
    </ClCompile>
    <ClCompile Include="src\rtepch.cpp" />
  </ItemGroup>
</Project>